Microsoft Visual Studio Solution File, Format Version 12.00
# Visual Studio Version 17
VisualStudioVersion = 17.5.2.0
MinimumVisualStudioVersion = 10.0.40219.1
Project("{FAE04EC0-301F-11D3-BF4B-00C04F79EFBC}") = "Exercice10", "Exercice10.csproj", "{C12DC920-CB41-163E-50B3-C58F18D7A228}"
EndProject
Global
	GlobalSection(SolutionConfigurationPlatforms) = preSolution
		Debug|Any CPU = Debug|Any CPU
		Release|Any CPU = Release|Any CPU
	EndGlobalSection
	GlobalSection(ProjectConfigurationPlatforms) = postSolution
		{C12DC920-CB41-163E-50B3-C58F18D7A228}.Debug|Any CPU.ActiveCfg = Debug|Any CPU
		{C12DC920-CB41-163E-50B3-C58F18D7A228}.Debug|Any CPU.Build.0 = Debug|Any CPU
		{C12DC920-CB41-163E-50B3-C58F18D7A228}.Release|Any CPU.ActiveCfg = Release|Any CPU
		{C12DC920-CB41-163E-50B3-C58F18D7A228}.Release|Any CPU.Build.0 = Release|Any CPU
	EndGlobalSection
	GlobalSection(SolutionProperties) = preSolution
		HideSolutionNode = FALSE
	EndGlobalSection
	GlobalSection(ExtensibilityGlobals) = postSolution
		SolutionGuid = {326747FE-C8E0-428F-ABE8-00C2BA1845D9}
	EndGlobalSection
EndGlobal
