Microsoft Visual Studio Solution File, Format Version 12.00
# Visual Studio Version 17
VisualStudioVersion = 17.5.2.0
MinimumVisualStudioVersion = 10.0.40219.1
Project("{FAE04EC0-301F-11D3-BF4B-00C04F79EFBC}") = "Exercice9", "Exercice9.csproj", "{0DF6AE2D-38B4-6BCE-02ED-88008B556866}"
EndProject
Global
	GlobalSection(SolutionConfigurationPlatforms) = preSolution
		Debug|Any CPU = Debug|Any CPU
		Release|Any CPU = Release|Any CPU
	EndGlobalSection
	GlobalSection(ProjectConfigurationPlatforms) = postSolution
		{0DF6AE2D-38B4-6BCE-02ED-88008B556866}.Debug|Any CPU.ActiveCfg = Debug|Any CPU
		{0DF6AE2D-38B4-6BCE-02ED-88008B556866}.Debug|Any CPU.Build.0 = Debug|Any CPU
		{0DF6AE2D-38B4-6BCE-02ED-88008B556866}.Release|Any CPU.ActiveCfg = Release|Any CPU
		{0DF6AE2D-38B4-6BCE-02ED-88008B556866}.Release|Any CPU.Build.0 = Release|Any CPU
	EndGlobalSection
	GlobalSection(SolutionProperties) = preSolution
		HideSolutionNode = FALSE
	EndGlobalSection
	GlobalSection(ExtensibilityGlobals) = postSolution
		SolutionGuid = {08DB38CE-BA27-4751-8BDB-46879C2ECCA6}
	EndGlobalSection
EndGlobal
