Microsoft Visual Studio Solution File, Format Version 12.00
# Visual Studio Version 17
VisualStudioVersion = 17.5.2.0
MinimumVisualStudioVersion = 10.0.40219.1
Project("{FAE04EC0-301F-11D3-BF4B-00C04F79EFBC}") = "Ex16", "Ex16.csproj", "{39189285-3CAC-A530-0919-BB7187447647}"
EndProject
Global
	GlobalSection(SolutionConfigurationPlatforms) = preSolution
		Debug|Any CPU = Debug|Any CPU
		Release|Any CPU = Release|Any CPU
	EndGlobalSection
	GlobalSection(ProjectConfigurationPlatforms) = postSolution
		{39189285-3CAC-A530-0919-BB7187447647}.Debug|Any CPU.ActiveCfg = Debug|Any CPU
		{39189285-3CAC-A530-0919-BB7187447647}.Debug|Any CPU.Build.0 = Debug|Any CPU
		{39189285-3CAC-A530-0919-BB7187447647}.Release|Any CPU.ActiveCfg = Release|Any CPU
		{39189285-3CAC-A530-0919-BB7187447647}.Release|Any CPU.Build.0 = Release|Any CPU
	EndGlobalSection
	GlobalSection(SolutionProperties) = preSolution
		HideSolutionNode = FALSE
	EndGlobalSection
	GlobalSection(ExtensibilityGlobals) = postSolution
		SolutionGuid = {03224BDC-504C-48BF-9BC2-85B47A956A4F}
	EndGlobalSection
EndGlobal
