Microsoft Visual Studio Solution File, Format Version 12.00
# Visual Studio Version 17
VisualStudioVersion = 17.5.2.0
MinimumVisualStudioVersion = 10.0.40219.1
Project("{FAE04EC0-301F-11D3-BF4B-00C04F79EFBC}") = "Exercice8", "Exercice8.csproj", "{7185A83D-BAF4-3207-BF68-7C3C709A1D9C}"
EndProject
Global
	GlobalSection(SolutionConfigurationPlatforms) = preSolution
		Debug|Any CPU = Debug|Any CPU
		Release|Any CPU = Release|Any CPU
	EndGlobalSection
	GlobalSection(ProjectConfigurationPlatforms) = postSolution
		{7185A83D-BAF4-3207-BF68-7C3C709A1D9C}.Debug|Any CPU.ActiveCfg = Debug|Any CPU
		{7185A83D-BAF4-3207-BF68-7C3C709A1D9C}.Debug|Any CPU.Build.0 = Debug|Any CPU
		{7185A83D-BAF4-3207-BF68-7C3C709A1D9C}.Release|Any CPU.ActiveCfg = Release|Any CPU
		{7185A83D-BAF4-3207-BF68-7C3C709A1D9C}.Release|Any CPU.Build.0 = Release|Any CPU
	EndGlobalSection
	GlobalSection(SolutionProperties) = preSolution
		HideSolutionNode = FALSE
	EndGlobalSection
	GlobalSection(ExtensibilityGlobals) = postSolution
		SolutionGuid = {DE014740-4C0E-498F-B091-6B2DB672E356}
	EndGlobalSection
EndGlobal
