Microsoft Visual Studio Solution File, Format Version 12.00
# Visual Studio Version 17
VisualStudioVersion = 17.5.2.0
MinimumVisualStudioVersion = 10.0.40219.1
Project("{FAE04EC0-301F-11D3-BF4B-00C04F79EFBC}") = "Ex12", "Ex12.csproj", "{9E062E98-D193-92D4-4827-64E73D4873DF}"
EndProject
Global
	GlobalSection(SolutionConfigurationPlatforms) = preSolution
		Debug|Any CPU = Debug|Any CPU
		Release|Any CPU = Release|Any CPU
	EndGlobalSection
	GlobalSection(ProjectConfigurationPlatforms) = postSolution
		{9E062E98-D193-92D4-4827-64E73D4873DF}.Debug|Any CPU.ActiveCfg = Debug|Any CPU
		{9E062E98-D193-92D4-4827-64E73D4873DF}.Debug|Any CPU.Build.0 = Debug|Any CPU
		{9E062E98-D193-92D4-4827-64E73D4873DF}.Release|Any CPU.ActiveCfg = Release|Any CPU
		{9E062E98-D193-92D4-4827-64E73D4873DF}.Release|Any CPU.Build.0 = Release|Any CPU
	EndGlobalSection
	GlobalSection(SolutionProperties) = preSolution
		HideSolutionNode = FALSE
	EndGlobalSection
	GlobalSection(ExtensibilityGlobals) = postSolution
		SolutionGuid = {1AB961E6-058D-4E6A-A4D1-CE9233AE5A1F}
	EndGlobalSection
EndGlobal
